<?xml version="1.0" encoding="utf-8"?>
<Project ToolsVersion="4.0" xmlns="http://schemas.microsoft.com/developer/msbuild/2003">
  <ItemGroup>
    <Filter Include="Resource Files">
      <UniqueIdentifier>{67DA6AB6-F800-4c08-8B7A-83BB121AAD01}</UniqueIdentifier>
      <Extensions>rc;ico;cur;bmp;dlg;rc2;rct;bin;rgs;gif;jpg;jpeg;jpe;resx;tiff;tif;png;wav;mfcribbon-ms</Extensions>
    </Filter>
  </ItemGroup>
  <ItemGroup>
    <ClCompile Include="..\src\AnimatedSprite.cpp" />
    <ClCompile Include="..\src\Animation.cpp" />
    <ClCompile Include="..\src\bullet.cpp" />
    <ClCompile Include="..\src\Buttom.cpp" />
    <ClCompile Include="..\src\Collusion.cpp" />
    <ClCompile Include="..\src\game.cpp" />
    <ClCompile Include="..\src\GameObject.cpp" />
    <ClCompile Include="..\src\Globals.cpp" />
    <ClCompile Include="..\src\inGameState.cpp" />
    <ClCompile Include="..\src\logfile.cpp" />
    <ClCompile Include="..\src\main.cpp" />
    <ClCompile Include="..\src\MenuState.cpp" />
    <ClCompile Include="..\src\MovieState.cpp" />
    <ClCompile Include="..\src\Network.cpp" />
    <ClCompile Include="..\src\player.cpp" />
    <ClCompile Include="..\src\Random.cpp" />
    <ClCompile Include="..\src\Window.cpp" />
    <ClCompile Include="..\src\Zombi.cpp" />
    <ClCompile Include="..\src\Text.cpp" />
    <ClCompile Include="..\src\Level.cpp" />
    <ClCompile Include="..\src\Camera.cpp" />
    <ClCompile Include="..\..\..\Dropbox\BME\SCH-GameDev\Space-Blaster---X\src\Tile.cpp" />
  </ItemGroup>
  <ItemGroup>
    <ClInclude Include="..\src\AnimatedSprite.hpp" />
    <ClInclude Include="..\src\Animation.hpp" />
    <ClInclude Include="..\src\bullet.h" />
    <ClInclude Include="..\src\Buttom.h" />
    <ClInclude Include="..\src\Collision.h" />
    <ClInclude Include="..\src\game.h" />
    <ClInclude Include="..\src\GameObject.h" />
    <ClInclude Include="..\src\gameState.h" />
    <ClInclude Include="..\src\Globals.h" />
    <ClInclude Include="..\src\inGameState.h" />
    <ClInclude Include="..\src\logfile.h" />
    <ClInclude Include="..\src\MenuState.h" />
    <ClInclude Include="..\src\MovieState.h" />
    <ClInclude Include="..\src\Network.h" />
    <ClInclude Include="..\src\player.h" />
    <ClInclude Include="..\src\Random.h" />
    <ClInclude Include="..\src\Window.h" />
    <ClInclude Include="..\src\Zombi.h" />
    <ClInclude Include="..\src\Text.h" />
    <ClInclude Include="..\src\Level.h" />
    <ClInclude Include="..\src\Camera.h" />
    <ClInclude Include="..\..\..\Dropbox\BME\SCH-GameDev\Space-Blaster---X\src\Tile.h" />
  </ItemGroup>
</Project>